
Microsoft Visual Studio Solution File, Format Version 12.00
# Visual Studio Version 17
VisualStudioVersion = 17.5.002.0
MinimumVisualStudioVersion = 10.0.40219.1
Project("{9A19103F-16F7-4668-BE54-9A1E7A4F7556}") = "day01", "day01.csproj", "{67BCB45D-C90F-40DC-8D04-3398365363AA}"
EndProject
Global
	GlobalSection(SolutionConfigurationPlatforms) = preSolution
		Debug|Any CPU = Debug|Any CPU
		Release|Any CPU = Release|Any CPU
	EndGlobalSection
	GlobalSection(ProjectConfigurationPlatforms) = postSolution
		{67BCB45D-C90F-40DC-8D04-3398365363AA}.Debug|Any CPU.ActiveCfg = Debug|Any CPU
		{67BCB45D-C90F-40DC-8D04-3398365363AA}.Debug|Any CPU.Build.0 = Debug|Any CPU
		{67BCB45D-C90F-40DC-8D04-3398365363AA}.Release|Any CPU.ActiveCfg = Release|Any CPU
		{67BCB45D-C90F-40DC-8D04-3398365363AA}.Release|Any CPU.Build.0 = Release|Any CPU
	EndGlobalSection
	GlobalSection(SolutionProperties) = preSolution
		HideSolutionNode = FALSE
	EndGlobalSection
	GlobalSection(ExtensibilityGlobals) = postSolution
		SolutionGuid = {1033F062-09AD-48D2-BAC8-A7CD06E67868}
	EndGlobalSection
EndGlobal
